Microsoft Visual Studio Solution File, Format Version 12.00
# Visual Studio Version 17
VisualStudioVersion = 17.5.2.0
MinimumVisualStudioVersion = 10.0.40219.1
Project("{FAE04EC0-301F-11D3-BF4B-00C04F79EFBC}") = "SmartFactorySimulator", "SmartFactorySimulator\SmartFactorySimulator.csproj", "{C3F147D1-BC14-EF5D-8EFA-521E920A7603}"
EndProject
Global
	GlobalSection(SolutionConfigurationPlatforms) = preSolution
		Debug|Any CPU = Debug|Any CPU
		Release|Any CPU = Release|Any CPU
	EndGlobalSection
	GlobalSection(ProjectConfigurationPlatforms) = postSolution
		{C3F147D1-BC14-EF5D-8EFA-521E920A7603}.Debug|Any CPU.ActiveCfg = Debug|Any CPU
		{C3F147D1-BC14-EF5D-8EFA-521E920A7603}.Debug|Any CPU.Build.0 = Debug|Any CPU
		{C3F147D1-BC14-EF5D-8EFA-521E920A7603}.Release|Any CPU.ActiveCfg = Release|Any CPU
		{C3F147D1-BC14-EF5D-8EFA-521E920A7603}.Release|Any CPU.Build.0 = Release|Any CPU
	EndGlobalSection
	GlobalSection(SolutionProperties) = preSolution
		HideSolutionNode = FALSE
	EndGlobalSection
	GlobalSection(ExtensibilityGlobals) = postSolution
		SolutionGuid = {114DB6AE-6A66-4015-9BFD-8B156E48EDF8}
	EndGlobalSection
EndGlobal
